
Microsoft Visual Studio Solution File, Format Version 12.00
# Visual Studio Version 17
Project("{8BC9CEB8-8B4A-11D0-8D11-00A0C91BC942}") = "ALL_BUILD", "ALL_BUILD.vcxproj", "{D3A69A2C-FC30-30C9-BF62-543EFF64EF37}"
	ProjectSection(ProjectDependencies) = postProject
		{BB9D4626-96CD-3EE9-BA83-3DE41E34A952} = {BB9D4626-96CD-3EE9-BA83-3DE41E34A952}
		{2111096A-A5EA-33F9-8861-461EE0300412} = {2111096A-A5EA-33F9-8861-461EE0300412}
	EndProjectSection
EndProject
Project("{8BC9CEB8-8B4A-11D0-8D11-00A0C91BC942}") = "INSTALL", "INSTALL.vcxproj", "{35417655-A93A-3F6B-B924-7A2DB0876ACE}"
	ProjectSection(ProjectDependencies) = postProject
		{D3A69A2C-FC30-30C9-BF62-543EFF64EF37} = {D3A69A2C-FC30-30C9-BF62-543EFF64EF37}
		{BB9D4626-96CD-3EE9-BA83-3DE41E34A952} = {BB9D4626-96CD-3EE9-BA83-3DE41E34A952}
	EndProjectSection
EndProject
Project("{8BC9CEB8-8B4A-11D0-8D11-00A0C91BC942}") = "ZERO_CHECK", "..\\ZERO_CHECK.vcxproj", "{BB9D4626-96CD-3EE9-BA83-3DE41E34A952}"
	ProjectSection(ProjectDependencies) = postProject
	EndProjectSection
EndProject
Project("{8BC9CEB8-8B4A-11D0-8D11-00A0C91BC942}") = "flutter_assemble", "..\flutter\flutter_assemble.vcxproj", "{805FFDA7-21BE-3106-9190-ABE180079EDE}"
	ProjectSection(ProjectDependencies) = postProject
		{BB9D4626-96CD-3EE9-BA83-3DE41E34A952} = {BB9D4626-96CD-3EE9-BA83-3DE41E34A952}
	EndProjectSection
EndProject
Project("{8BC9CEB8-8B4A-11D0-8D11-00A0C91BC942}") = "flutter_wrapper_app", "..\flutter\flutter_wrapper_app.vcxproj", "{739B2C80-35C7-330A-80CE-03F93E3DA560}"
	ProjectSection(ProjectDependencies) = postProject
		{BB9D4626-96CD-3EE9-BA83-3DE41E34A952} = {BB9D4626-96CD-3EE9-BA83-3DE41E34A952}
		{805FFDA7-21BE-3106-9190-ABE180079EDE} = {805FFDA7-21BE-3106-9190-ABE180079EDE}
	EndProjectSection
EndProject
Project("{8BC9CEB8-8B4A-11D0-8D11-00A0C91BC942}") = "flutter_wrapper_plugin", "..\flutter\flutter_wrapper_plugin.vcxproj", "{C511162F-6FF8-30DE-BD6D-694D5E64DEDD}"
	ProjectSection(ProjectDependencies) = postProject
		{BB9D4626-96CD-3EE9-BA83-3DE41E34A952} = {BB9D4626-96CD-3EE9-BA83-3DE41E34A952}
		{805FFDA7-21BE-3106-9190-ABE180079EDE} = {805FFDA7-21BE-3106-9190-ABE180079EDE}
	EndProjectSection
EndProject
Project("{8BC9CEB8-8B4A-11D0-8D11-00A0C91BC942}") = "screen_retriever_plugin", "..\plugins\screen_retriever\screen_retriever_plugin.vcxproj", "{080634B7-8426-3C5E-B2AF-83A318D1328C}"
	ProjectSection(ProjectDependencies) = postProject
		{BB9D4626-96CD-3EE9-BA83-3DE41E34A952} = {BB9D4626-96CD-3EE9-BA83-3DE41E34A952}
		{805FFDA7-21BE-3106-9190-ABE180079EDE} = {805FFDA7-21BE-3106-9190-ABE180079EDE}
		{C511162F-6FF8-30DE-BD6D-694D5E64DEDD} = {C511162F-6FF8-30DE-BD6D-694D5E64DEDD}
	EndProjectSection
EndProject
Project("{8BC9CEB8-8B4A-11D0-8D11-00A0C91BC942}") = "url_launcher_windows_plugin", "..\plugins\url_launcher_windows\url_launcher_windows_plugin.vcxproj", "{E7A91D14-7D95-3D77-92C3-309B2206A9CC}"
	ProjectSection(ProjectDependencies) = postProject
		{BB9D4626-96CD-3EE9-BA83-3DE41E34A952} = {BB9D4626-96CD-3EE9-BA83-3DE41E34A952}
		{805FFDA7-21BE-3106-9190-ABE180079EDE} = {805FFDA7-21BE-3106-9190-ABE180079EDE}
		{C511162F-6FF8-30DE-BD6D-694D5E64DEDD} = {C511162F-6FF8-30DE-BD6D-694D5E64DEDD}
	EndProjectSection
EndProject
Project("{8BC9CEB8-8B4A-11D0-8D11-00A0C91BC942}") = "window_manager_plugin", "..\plugins\window_manager\window_manager_plugin.vcxproj", "{C3317845-9CEF-3E5A-972F-801B3C12077A}"
	ProjectSection(ProjectDependencies) = postProject
		{BB9D4626-96CD-3EE9-BA83-3DE41E34A952} = {BB9D4626-96CD-3EE9-BA83-3DE41E34A952}
		{805FFDA7-21BE-3106-9190-ABE180079EDE} = {805FFDA7-21BE-3106-9190-ABE180079EDE}
		{C511162F-6FF8-30DE-BD6D-694D5E64DEDD} = {C511162F-6FF8-30DE-BD6D-694D5E64DEDD}
	EndProjectSection
EndProject
Project("{8BC9CEB8-8B4A-11D0-8D11-00A0C91BC942}") = "wx_key", "wx_key.vcxproj", "{2111096A-A5EA-33F9-8861-461EE0300412}"
	ProjectSection(ProjectDependencies) = postProject
		{BB9D4626-96CD-3EE9-BA83-3DE41E34A952} = {BB9D4626-96CD-3EE9-BA83-3DE41E34A952}
		{805FFDA7-21BE-3106-9190-ABE180079EDE} = {805FFDA7-21BE-3106-9190-ABE180079EDE}
		{739B2C80-35C7-330A-80CE-03F93E3DA560} = {739B2C80-35C7-330A-80CE-03F93E3DA560}
		{080634B7-8426-3C5E-B2AF-83A318D1328C} = {080634B7-8426-3C5E-B2AF-83A318D1328C}
		{E7A91D14-7D95-3D77-92C3-309B2206A9CC} = {E7A91D14-7D95-3D77-92C3-309B2206A9CC}
		{C3317845-9CEF-3E5A-972F-801B3C12077A} = {C3317845-9CEF-3E5A-972F-801B3C12077A}
	EndProjectSection
EndProject
Global
	GlobalSection(SolutionConfigurationPlatforms) = preSolution
		Debug|x64 = Debug|x64
		Profile|x64 = Profile|x64
		Release|x64 = Release|x64
	EndGlobalSection
	GlobalSection(ProjectConfigurationPlatforms) = postSolution
		{D3A69A2C-FC30-30C9-BF62-543EFF64EF37}.Debug|x64.ActiveCfg = Debug|x64
		{D3A69A2C-FC30-30C9-BF62-543EFF64EF37}.Debug|x64.Build.0 = Debug|x64
		{D3A69A2C-FC30-30C9-BF62-543EFF64EF37}.Profile|x64.ActiveCfg = Profile|x64
		{D3A69A2C-FC30-30C9-BF62-543EFF64EF37}.Profile|x64.Build.0 = Profile|x64
		{D3A69A2C-FC30-30C9-BF62-543EFF64EF37}.Release|x64.ActiveCfg = Release|x64
		{D3A69A2C-FC30-30C9-BF62-543EFF64EF37}.Release|x64.Build.0 = Release|x64
		{35417655-A93A-3F6B-B924-7A2DB0876ACE}.Debug|x64.ActiveCfg = Debug|x64
		{35417655-A93A-3F6B-B924-7A2DB0876ACE}.Profile|x64.ActiveCfg = Profile|x64
		{35417655-A93A-3F6B-B924-7A2DB0876ACE}.Release|x64.ActiveCfg = Release|x64
		{BB9D4626-96CD-3EE9-BA83-3DE41E34A952}.Debug|x64.ActiveCfg = Debug|x64
		{BB9D4626-96CD-3EE9-BA83-3DE41E34A952}.Debug|x64.Build.0 = Debug|x64
		{BB9D4626-96CD-3EE9-BA83-3DE41E34A952}.Profile|x64.ActiveCfg = Profile|x64
		{BB9D4626-96CD-3EE9-BA83-3DE41E34A952}.Profile|x64.Build.0 = Profile|x64
		{BB9D4626-96CD-3EE9-BA83-3DE41E34A952}.Release|x64.ActiveCfg = Release|x64
		{BB9D4626-96CD-3EE9-BA83-3DE41E34A952}.Release|x64.Build.0 = Release|x64
		{805FFDA7-21BE-3106-9190-ABE180079EDE}.Debug|x64.ActiveCfg = Debug|x64
		{805FFDA7-21BE-3106-9190-ABE180079EDE}.Debug|x64.Build.0 = Debug|x64
		{805FFDA7-21BE-3106-9190-ABE180079EDE}.Profile|x64.ActiveCfg = Profile|x64
		{805FFDA7-21BE-3106-9190-ABE180079EDE}.Profile|x64.Build.0 = Profile|x64
		{805FFDA7-21BE-3106-9190-ABE180079EDE}.Release|x64.ActiveCfg = Release|x64
		{805FFDA7-21BE-3106-9190-ABE180079EDE}.Release|x64.Build.0 = Release|x64
		{739B2C80-35C7-330A-80CE-03F93E3DA560}.Debug|x64.ActiveCfg = Debug|x64
		{739B2C80-35C7-330A-80CE-03F93E3DA560}.Debug|x64.Build.0 = Debug|x64
		{739B2C80-35C7-330A-80CE-03F93E3DA560}.Profile|x64.ActiveCfg = Profile|x64
		{739B2C80-35C7-330A-80CE-03F93E3DA560}.Profile|x64.Build.0 = Profile|x64
		{739B2C80-35C7-330A-80CE-03F93E3DA560}.Release|x64.ActiveCfg = Release|x64
		{739B2C80-35C7-330A-80CE-03F93E3DA560}.Release|x64.Build.0 = Release|x64
		{C511162F-6FF8-30DE-BD6D-694D5E64DEDD}.Debug|x64.ActiveCfg = Debug|x64
		{C511162F-6FF8-30DE-BD6D-694D5E64DEDD}.Debug|x64.Build.0 = Debug|x64
		{C511162F-6FF8-30DE-BD6D-694D5E64DEDD}.Profile|x64.ActiveCfg = Profile|x64
		{C511162F-6FF8-30DE-BD6D-694D5E64DEDD}.Profile|x64.Build.0 = Profile|x64
		{C511162F-6FF8-30DE-BD6D-694D5E64DEDD}.Release|x64.ActiveCfg = Release|x64
		{C511162F-6FF8-30DE-BD6D-694D5E64DEDD}.Release|x64.Build.0 = Release|x64
		{080634B7-8426-3C5E-B2AF-83A318D1328C}.Debug|x64.ActiveCfg = Debug|x64
		{080634B7-8426-3C5E-B2AF-83A318D1328C}.Debug|x64.Build.0 = Debug|x64
		{080634B7-8426-3C5E-B2AF-83A318D1328C}.Profile|x64.ActiveCfg = Profile|x64
		{080634B7-8426-3C5E-B2AF-83A318D1328C}.Profile|x64.Build.0 = Profile|x64
		{080634B7-8426-3C5E-B2AF-83A318D1328C}.Release|x64.ActiveCfg = Release|x64
		{080634B7-8426-3C5E-B2AF-83A318D1328C}.Release|x64.Build.0 = Release|x64
		{E7A91D14-7D95-3D77-92C3-309B2206A9CC}.Debug|x64.ActiveCfg = Debug|x64
		{E7A91D14-7D95-3D77-92C3-309B2206A9CC}.Debug|x64.Build.0 = Debug|x64
		{E7A91D14-7D95-3D77-92C3-309B2206A9CC}.Profile|x64.ActiveCfg = Profile|x64
		{E7A91D14-7D95-3D77-92C3-309B2206A9CC}.Profile|x64.Build.0 = Profile|x64
		{E7A91D14-7D95-3D77-92C3-309B2206A9CC}.Release|x64.ActiveCfg = Release|x64
		{E7A91D14-7D95-3D77-92C3-309B2206A9CC}.Release|x64.Build.0 = Release|x64
		{C3317845-9CEF-3E5A-972F-801B3C12077A}.Debug|x64.ActiveCfg = Debug|x64
		{C3317845-9CEF-3E5A-972F-801B3C12077A}.Debug|x64.Build.0 = Debug|x64
		{C3317845-9CEF-3E5A-972F-801B3C12077A}.Profile|x64.ActiveCfg = Profile|x64
		{C3317845-9CEF-3E5A-972F-801B3C12077A}.Profile|x64.Build.0 = Profile|x64
		{C3317845-9CEF-3E5A-972F-801B3C12077A}.Release|x64.ActiveCfg = Release|x64
		{C3317845-9CEF-3E5A-972F-801B3C12077A}.Release|x64.Build.0 = Release|x64
		{2111096A-A5EA-33F9-8861-461EE0300412}.Debug|x64.ActiveCfg = Debug|x64
		{2111096A-A5EA-33F9-8861-461EE0300412}.Debug|x64.Build.0 = Debug|x64
		{2111096A-A5EA-33F9-8861-461EE0300412}.Profile|x64.ActiveCfg = Profile|x64
		{2111096A-A5EA-33F9-8861-461EE0300412}.Profile|x64.Build.0 = Profile|x64
		{2111096A-A5EA-33F9-8861-461EE0300412}.Release|x64.ActiveCfg = Release|x64
		{2111096A-A5EA-33F9-8861-461EE0300412}.Release|x64.Build.0 = Release|x64
	EndGlobalSection
	GlobalSection(ExtensibilityGlobals) = postSolution
		SolutionGuid = {70BD9DC2-9E11-3662-A73B-C332C74C39CC}
	EndGlobalSection
	GlobalSection(ExtensibilityAddIns) = postSolution
	EndGlobalSection
EndGlobal
