
Microsoft Visual Studio Solution File, Format Version 12.00
# Visual Studio Version 17
Project("{8BC9CEB8-8B4A-11D0-8D11-00A0C91BC942}") = "ALL_BUILD", "ALL_BUILD.vcxproj", "{D3A69A2C-FC30-30C9-BF62-543EFF64EF37}"
	ProjectSection(ProjectDependencies) = postProject
		{BB9D4626-96CD-3EE9-BA83-3DE41E34A952} = {BB9D4626-96CD-3EE9-BA83-3DE41E34A952}
		{C3317845-9CEF-3E5A-972F-801B3C12077A} = {C3317845-9CEF-3E5A-972F-801B3C12077A}
	EndProjectSection
EndProject
Project("{8BC9CEB8-8B4A-11D0-8D11-00A0C91BC942}") = "INSTALL", "INSTALL.vcxproj", "{35417655-A93A-3F6B-B924-7A2DB0876ACE}"
	ProjectSection(ProjectDependencies) = postProject
		{D3A69A2C-FC30-30C9-BF62-543EFF64EF37} = {D3A69A2C-FC30-30C9-BF62-543EFF64EF37}
		{BB9D4626-96CD-3EE9-BA83-3DE41E34A952} = {BB9D4626-96CD-3EE9-BA83-3DE41E34A952}
	EndProjectSection
EndProject
Project("{8BC9CEB8-8B4A-11D0-8D11-00A0C91BC942}") = "ZERO_CHECK", "..\..\\ZERO_CHECK.vcxproj", "{BB9D4626-96CD-3EE9-BA83-3DE41E34A952}"
	ProjectSection(ProjectDependencies) = postProject
	EndProjectSection
EndProject
Project("{8BC9CEB8-8B4A-11D0-8D11-00A0C91BC942}") = "flutter_assemble", "..\..\flutter\flutter_assemble.vcxproj", "{805FFDA7-21BE-3106-9190-ABE180079EDE}"
	ProjectSection(ProjectDependencies) = postProject
		{BB9D4626-96CD-3EE9-BA83-3DE41E34A952} = {BB9D4626-96CD-3EE9-BA83-3DE41E34A952}
	EndProjectSection
EndProject
Project("{8BC9CEB8-8B4A-11D0-8D11-00A0C91BC942}") = "flutter_wrapper_plugin", "..\..\flutter\flutter_wrapper_plugin.vcxproj", "{C511162F-6FF8-30DE-BD6D-694D5E64DEDD}"
	ProjectSection(ProjectDependencies) = postProject
		{BB9D4626-96CD-3EE9-BA83-3DE41E34A952} = {BB9D4626-96CD-3EE9-BA83-3DE41E34A952}
		{805FFDA7-21BE-3106-9190-ABE180079EDE} = {805FFDA7-21BE-3106-9190-ABE180079EDE}
	EndProjectSection
EndProject
Project("{8BC9CEB8-8B4A-11D0-8D11-00A0C91BC942}") = "window_manager_plugin", "window_manager_plugin.vcxproj", "{C3317845-9CEF-3E5A-972F-801B3C12077A}"
	ProjectSection(ProjectDependencies) = postProject
		{BB9D4626-96CD-3EE9-BA83-3DE41E34A952} = {BB9D4626-96CD-3EE9-BA83-3DE41E34A952}
		{805FFDA7-21BE-3106-9190-ABE180079EDE} = {805FFDA7-21BE-3106-9190-ABE180079EDE}
		{C511162F-6FF8-30DE-BD6D-694D5E64DEDD} = {C511162F-6FF8-30DE-BD6D-694D5E64DEDD}
	EndProjectSection
EndProject
Global
	GlobalSection(SolutionConfigurationPlatforms) = preSolution
		Debug|x64 = Debug|x64
		Profile|x64 = Profile|x64
		Release|x64 = Release|x64
	EndGlobalSection
	GlobalSection(ProjectConfigurationPlatforms) = postSolution
		{D3A69A2C-FC30-30C9-BF62-543EFF64EF37}.Debug|x64.ActiveCfg = Debug|x64
		{D3A69A2C-FC30-30C9-BF62-543EFF64EF37}.Debug|x64.Build.0 = Debug|x64
		{D3A69A2C-FC30-30C9-BF62-543EFF64EF37}.Profile|x64.ActiveCfg = Profile|x64
		{D3A69A2C-FC30-30C9-BF62-543EFF64EF37}.Profile|x64.Build.0 = Profile|x64
		{D3A69A2C-FC30-30C9-BF62-543EFF64EF37}.Release|x64.ActiveCfg = Release|x64
		{D3A69A2C-FC30-30C9-BF62-543EFF64EF37}.Release|x64.Build.0 = Release|x64
		{35417655-A93A-3F6B-B924-7A2DB0876ACE}.Debug|x64.ActiveCfg = Debug|x64
		{35417655-A93A-3F6B-B924-7A2DB0876ACE}.Profile|x64.ActiveCfg = Profile|x64
		{35417655-A93A-3F6B-B924-7A2DB0876ACE}.Release|x64.ActiveCfg = Release|x64
		{BB9D4626-96CD-3EE9-BA83-3DE41E34A952}.Debug|x64.ActiveCfg = Debug|x64
		{BB9D4626-96CD-3EE9-BA83-3DE41E34A952}.Debug|x64.Build.0 = Debug|x64
		{BB9D4626-96CD-3EE9-BA83-3DE41E34A952}.Profile|x64.ActiveCfg = Profile|x64
		{BB9D4626-96CD-3EE9-BA83-3DE41E34A952}.Profile|x64.Build.0 = Profile|x64
		{BB9D4626-96CD-3EE9-BA83-3DE41E34A952}.Release|x64.ActiveCfg = Release|x64
		{BB9D4626-96CD-3EE9-BA83-3DE41E34A952}.Release|x64.Build.0 = Release|x64
		{805FFDA7-21BE-3106-9190-ABE180079EDE}.Debug|x64.ActiveCfg = Debug|x64
		{805FFDA7-21BE-3106-9190-ABE180079EDE}.Debug|x64.Build.0 = Debug|x64
		{805FFDA7-21BE-3106-9190-ABE180079EDE}.Profile|x64.ActiveCfg = Profile|x64
		{805FFDA7-21BE-3106-9190-ABE180079EDE}.Profile|x64.Build.0 = Profile|x64
		{805FFDA7-21BE-3106-9190-ABE180079EDE}.Release|x64.ActiveCfg = Release|x64
		{805FFDA7-21BE-3106-9190-ABE180079EDE}.Release|x64.Build.0 = Release|x64
		{C511162F-6FF8-30DE-BD6D-694D5E64DEDD}.Debug|x64.ActiveCfg = Debug|x64
		{C511162F-6FF8-30DE-BD6D-694D5E64DEDD}.Debug|x64.Build.0 = Debug|x64
		{C511162F-6FF8-30DE-BD6D-694D5E64DEDD}.Profile|x64.ActiveCfg = Profile|x64
		{C511162F-6FF8-30DE-BD6D-694D5E64DEDD}.Profile|x64.Build.0 = Profile|x64
		{C511162F-6FF8-30DE-BD6D-694D5E64DEDD}.Release|x64.ActiveCfg = Release|x64
		{C511162F-6FF8-30DE-BD6D-694D5E64DEDD}.Release|x64.Build.0 = Release|x64
		{C3317845-9CEF-3E5A-972F-801B3C12077A}.Debug|x64.ActiveCfg = Debug|x64
		{C3317845-9CEF-3E5A-972F-801B3C12077A}.Debug|x64.Build.0 = Debug|x64
		{C3317845-9CEF-3E5A-972F-801B3C12077A}.Profile|x64.ActiveCfg = Profile|x64
		{C3317845-9CEF-3E5A-972F-801B3C12077A}.Profile|x64.Build.0 = Profile|x64
		{C3317845-9CEF-3E5A-972F-801B3C12077A}.Release|x64.ActiveCfg = Release|x64
		{C3317845-9CEF-3E5A-972F-801B3C12077A}.Release|x64.Build.0 = Release|x64
	EndGlobalSection
	GlobalSection(ExtensibilityGlobals) = postSolution
		SolutionGuid = {0375A3E8-FCFB-36F3-A2BF-241D43E962D9}
	EndGlobalSection
	GlobalSection(ExtensibilityAddIns) = postSolution
	EndGlobalSection
EndGlobal
